
Microsoft Visual Studio Solution File, Format Version 12.00
# Visual Studio Version 16
VisualStudioVersion = 16.0.33027.164
MinimumVisualStudioVersion = 10.0.40219.1
Project("{FAE04EC0-301F-11D3-BF4B-00C04F79EFBC}") = "AdapterDesignPattern", "AdapterDesignPattern\AdapterDesignPattern.csproj", "{9436B757-B96E-43FF-A261-7EA7B15A16C8}"
EndProject
Global
	GlobalSection(SolutionConfigurationPlatforms) = preSolution
		Debug|Any CPU = Debug|Any CPU
		Release|Any CPU = Release|Any CPU
	EndGlobalSection
	GlobalSection(ProjectConfigurationPlatforms) = postSolution
		{9436B757-B96E-43FF-A261-7EA7B15A16C8}.Debug|Any CPU.ActiveCfg = Debug|Any CPU
		{9436B757-B96E-43FF-A261-7EA7B15A16C8}.Debug|Any CPU.Build.0 = Debug|Any CPU
		{9436B757-B96E-43FF-A261-7EA7B15A16C8}.Release|Any CPU.ActiveCfg = Release|Any CPU
		{9436B757-B96E-43FF-A261-7EA7B15A16C8}.Release|Any CPU.Build.0 = Release|Any CPU
	EndGlobalSection
	GlobalSection(SolutionProperties) = preSolution
		HideSolutionNode = FALSE
	EndGlobalSection
	GlobalSection(ExtensibilityGlobals) = postSolution
		SolutionGuid = {143C69A2-2683-4881-A0DC-F443BF804227}
	EndGlobalSection
EndGlobal
